# THIS IS AN AUTOGENERATED FILE. DO NOT EDIT THIS FILE DIRECTLY.
# yarn lockfile v1


"@alloc/quick-lru@^5.2.0":
  "version" "5.2.0"

"@ampproject/remapping@^2.2.0", "@ampproject/remapping@^2.3.0":
  "version" "2.3.0"
  dependencies:
    "@jridgewell/gen-mapping" "^0.3.5"
    "@jridgewell/trace-mapping" "^0.3.24"

"@babel/code-frame@^7.27.1":
  "version" "7.27.1"
  dependencies:
    "@babel/helper-validator-identifier" "^7.27.1"
    "js-tokens" "^4.0.0"
    "picocolors" "^1.1.1"

"@babel/compat-data@^7.27.2":
  "version" "7.27.5"

"@babel/core@^7.0.0", "@babel/core@^7.0.0-0", "@babel/core@^7.27.4":
  "version" "7.27.4"
  dependencies:
    "@ampproject/remapping" "^2.2.0"
    "@babel/code-frame" "^7.27.1"
    "@babel/generator" "^7.27.3"
    "@babel/helper-compilation-targets" "^7.27.2"
    "@babel/helper-module-transforms" "^7.27.3"
    "@babel/helpers" "^7.27.4"
    "@babel/parser" "^7.27.4"
    "@babel/template" "^7.27.2"
    "@babel/traverse" "^7.27.4"
    "@babel/types" "^7.27.3"
    "convert-source-map" "^2.0.0"
    "debug" "^4.1.0"
    "gensync" "^1.0.0-beta.2"
    "json5" "^2.2.3"
    "semver" "^6.3.1"

"@babel/generator@^7.27.3":
  "version" "7.27.5"
  dependencies:
    "@babel/parser" "^7.27.5"
    "@babel/types" "^7.27.3"
    "@jridgewell/gen-mapping" "^0.3.5"
    "@jridgewell/trace-mapping" "^0.3.25"
    "jsesc" "^3.0.2"

"@babel/helper-compilation-targets@^7.27.2":
  "version" "7.27.2"
  dependencies:
    "@babel/compat-data" "^7.27.2"
    "@babel/helper-validator-option" "^7.27.1"
    "browserslist" "^4.24.0"
    "lru-cache" "^5.1.1"
    "semver" "^6.3.1"

"@babel/helper-module-imports@^7.27.1":
  "version" "7.27.1"
  dependencies:
    "@babel/traverse" "^7.27.1"
    "@babel/types" "^7.27.1"

"@babel/helper-module-transforms@^7.27.3":
  "version" "7.27.3"
  dependencies:
    "@babel/helper-module-imports" "^7.27.1"
    "@babel/helper-validator-identifier" "^7.27.1"
    "@babel/traverse" "^7.27.3"

"@babel/helper-plugin-utils@^7.27.1":
  "version" "7.27.1"

"@babel/helper-string-parser@^7.27.1":
  "version" "7.27.1"

"@babel/helper-validator-identifier@^7.27.1":
  "version" "7.27.1"

"@babel/helper-validator-option@^7.27.1":
  "version" "7.27.1"

"@babel/helpers@^7.27.4":
  "version" "7.27.6"
  dependencies:
    "@babel/template" "^7.27.2"
    "@babel/types" "^7.27.6"

"@babel/parser@^7.1.0", "@babel/parser@^7.20.7", "@babel/parser@^7.27.2", "@babel/parser@^7.27.4", "@babel/parser@^7.27.5":
  "version" "7.27.5"
  dependencies:
    "@babel/types" "^7.27.3"

"@babel/plugin-transform-react-jsx-self@^7.27.1":
  "version" "7.27.1"
  dependencies:
    "@babel/helper-plugin-utils" "^7.27.1"

"@babel/plugin-transform-react-jsx-source@^7.27.1":
  "version" "7.27.1"
  dependencies:
    "@babel/helper-plugin-utils" "^7.27.1"

"@babel/template@^7.27.2":
  "version" "7.27.2"
  dependencies:
    "@babel/code-frame" "^7.27.1"
    "@babel/parser" "^7.27.2"
    "@babel/types" "^7.27.1"

"@babel/traverse@^7.27.1", "@babel/traverse@^7.27.3", "@babel/traverse@^7.27.4":
  "version" "7.27.4"
  dependencies:
    "@babel/code-frame" "^7.27.1"
    "@babel/generator" "^7.27.3"
    "@babel/parser" "^7.27.4"
    "@babel/template" "^7.27.2"
    "@babel/types" "^7.27.3"
    "debug" "^4.3.1"
    "globals" "^11.1.0"

"@babel/types@^7.0.0", "@babel/types@^7.20.7", "@babel/types@^7.27.1", "@babel/types@^7.27.3", "@babel/types@^7.27.6":
  "version" "7.27.6"
  dependencies:
    "@babel/helper-string-parser" "^7.27.1"
    "@babel/helper-validator-identifier" "^7.27.1"

"@esbuild/darwin-arm64@0.25.5":
  "version" "0.25.5"

"@floating-ui/core@^1.7.1":
  "version" "1.7.1"
  dependencies:
    "@floating-ui/utils" "^0.2.9"

"@floating-ui/dom@^1.0.0":
  "version" "1.7.1"
  dependencies:
    "@floating-ui/core" "^1.7.1"
    "@floating-ui/utils" "^0.2.9"

"@floating-ui/react-dom@^2.1.2":
  "version" "2.1.3"
  dependencies:
    "@floating-ui/dom" "^1.0.0"

"@floating-ui/react@^0.26.16":
  "version" "0.26.28"
  dependencies:
    "@floating-ui/react-dom" "^2.1.2"
    "@floating-ui/utils" "^0.2.8"
    "tabbable" "^6.0.0"

"@floating-ui/utils@^0.2.8", "@floating-ui/utils@^0.2.9":
  "version" "0.2.9"

"@headlessui/react@^2.2.4":
  "version" "2.2.4"
  dependencies:
    "@floating-ui/react" "^0.26.16"
    "@react-aria/focus" "^3.20.2"
    "@react-aria/interactions" "^3.25.0"
    "@tanstack/react-virtual" "^3.13.9"
    "use-sync-external-store" "^1.5.0"

"@heroicons/react@^2.2.0":
  "version" "2.2.0"

"@isaacs/fs-minipass@^4.0.0":
  "version" "4.0.1"
  dependencies:
    "minipass" "^7.0.4"

"@jridgewell/gen-mapping@^0.3.5":
  "version" "0.3.8"
  dependencies:
    "@jridgewell/set-array" "^1.2.1"
    "@jridgewell/sourcemap-codec" "^1.4.10"
    "@jridgewell/trace-mapping" "^0.3.24"

"@jridgewell/resolve-uri@^3.1.0":
  "version" "3.1.2"

"@jridgewell/set-array@^1.2.1":
  "version" "1.2.1"

"@jridgewell/sourcemap-codec@^1.4.10", "@jridgewell/sourcemap-codec@^1.4.14", "@jridgewell/sourcemap-codec@^1.5.0":
  "version" "1.5.0"

"@jridgewell/trace-mapping@^0.3.24", "@jridgewell/trace-mapping@^0.3.25":
  "version" "0.3.25"
  dependencies:
    "@jridgewell/resolve-uri" "^3.1.0"
    "@jridgewell/sourcemap-codec" "^1.4.14"

"@react-aria/focus@^3.20.2":
  "version" "3.20.5"
  dependencies:
    "@react-aria/interactions" "^3.25.3"
    "@react-aria/utils" "^3.29.1"
    "@react-types/shared" "^3.30.0"
    "@swc/helpers" "^0.5.0"
    "clsx" "^2.0.0"

"@react-aria/interactions@^3.25.0", "@react-aria/interactions@^3.25.3":
  "version" "3.25.3"
  dependencies:
    "@react-aria/ssr" "^3.9.9"
    "@react-aria/utils" "^3.29.1"
    "@react-stately/flags" "^3.1.2"
    "@react-types/shared" "^3.30.0"
    "@swc/helpers" "^0.5.0"

"@react-aria/ssr@^3.9.9":
  "version" "3.9.9"
  dependencies:
    "@swc/helpers" "^0.5.0"

"@react-aria/utils@^3.29.1":
  "version" "3.29.1"
  dependencies:
    "@react-aria/ssr" "^3.9.9"
    "@react-stately/flags" "^3.1.2"
    "@react-stately/utils" "^3.10.7"
    "@react-types/shared" "^3.30.0"
    "@swc/helpers" "^0.5.0"
    "clsx" "^2.0.0"

"@react-stately/flags@^3.1.2":
  "version" "3.1.2"
  dependencies:
    "@swc/helpers" "^0.5.0"

"@react-stately/utils@^3.10.7":
  "version" "3.10.7"
  dependencies:
    "@swc/helpers" "^0.5.0"

"@react-types/shared@^3.30.0":
  "version" "3.30.0"

"@rolldown/pluginutils@1.0.0-beta.11":
  "version" "1.0.0-beta.11"

"@rollup/rollup-darwin-arm64@4.43.0":
  "version" "4.43.0"

"@swc/helpers@^0.5.0":
  "version" "0.5.17"
  dependencies:
    "tslib" "^2.8.0"

"@tailwindcss/node@4.1.10":
  "version" "4.1.10"
  dependencies:
    "@ampproject/remapping" "^2.3.0"
    "enhanced-resolve" "^5.18.1"
    "jiti" "^2.4.2"
    "lightningcss" "1.30.1"
    "magic-string" "^0.30.17"
    "source-map-js" "^1.2.1"
    "tailwindcss" "4.1.10"

"@tailwindcss/oxide-darwin-arm64@4.1.10":
  "version" "4.1.10"

"@tailwindcss/oxide@4.1.10":
  "version" "4.1.10"
  dependencies:
    "detect-libc" "^2.0.4"
    "tar" "^7.4.3"
  optionalDependencies:
    "@tailwindcss/oxide-android-arm64" "4.1.10"
    "@tailwindcss/oxide-darwin-arm64" "4.1.10"
    "@tailwindcss/oxide-darwin-x64" "4.1.10"
    "@tailwindcss/oxide-freebsd-x64" "4.1.10"
    "@tailwindcss/oxide-linux-arm-gnueabihf" "4.1.10"
    "@tailwindcss/oxide-linux-arm64-gnu" "4.1.10"
    "@tailwindcss/oxide-linux-arm64-musl" "4.1.10"
    "@tailwindcss/oxide-linux-x64-gnu" "4.1.10"
    "@tailwindcss/oxide-linux-x64-musl" "4.1.10"
    "@tailwindcss/oxide-wasm32-wasi" "4.1.10"
    "@tailwindcss/oxide-win32-arm64-msvc" "4.1.10"
    "@tailwindcss/oxide-win32-x64-msvc" "4.1.10"

"@tailwindcss/postcss@^4.1.10":
  "version" "4.1.10"
  dependencies:
    "@alloc/quick-lru" "^5.2.0"
    "@tailwindcss/node" "4.1.10"
    "@tailwindcss/oxide" "4.1.10"
    "postcss" "^8.4.41"
    "tailwindcss" "4.1.10"

"@tanstack/react-virtual@^3.13.9":
  "version" "3.13.10"
  dependencies:
    "@tanstack/virtual-core" "3.13.10"

"@tanstack/virtual-core@3.13.10":
  "version" "3.13.10"

"@tsparticles/engine@^3.8.1":
  "integrity" "sha512-S8h10nuZfElY7oih//NUHnT5qf4v3/dnsU8CMs7dz5lBEGr3amrYrXk0V+YKPTIQwfdmJHUaSBoAqFiv4aEGIA=="
  "resolved" "https://registry.npmjs.org/@tsparticles/engine/-/engine-3.8.1.tgz"
  "version" "3.8.1"

"@types/babel__core@^7.20.5":
  "version" "7.20.5"
  dependencies:
    "@babel/parser" "^7.20.7"
    "@babel/types" "^7.20.7"
    "@types/babel__generator" "*"
    "@types/babel__template" "*"
    "@types/babel__traverse" "*"

"@types/babel__generator@*":
  "version" "7.27.0"
  dependencies:
    "@babel/types" "^7.0.0"

"@types/babel__template@*":
  "version" "7.4.4"
  dependencies:
    "@babel/parser" "^7.1.0"
    "@babel/types" "^7.0.0"

"@types/babel__traverse@*":
  "version" "7.20.7"
  dependencies:
    "@babel/types" "^7.20.7"

"@types/estree@1.0.7":
  "version" "1.0.7"

"@types/node@^18.0.0 || ^20.0.0 || >=22.0.0", "@types/node@^20":
  "version" "20.19.0"
  dependencies:
    "undici-types" "~6.21.0"

"@types/react-dom@^19.1.2":
  "version" "19.1.6"

"@types/react@^19.0.0", "@types/react@^19.1.2":
  "version" "19.1.8"
  dependencies:
    "csstype" "^3.0.2"

"@vitejs/plugin-react@^4.5.2":
  "version" "4.5.2"
  dependencies:
    "@babel/core" "^7.27.4"
    "@babel/plugin-transform-react-jsx-self" "^7.27.1"
    "@babel/plugin-transform-react-jsx-source" "^7.27.1"
    "@rolldown/pluginutils" "1.0.0-beta.11"
    "@types/babel__core" "^7.20.5"
    "react-refresh" "^0.17.0"

"autoprefixer@^10.4.21":
  "version" "10.4.21"
  dependencies:
    "browserslist" "^4.24.4"
    "caniuse-lite" "^1.0.30001702"
    "fraction.js" "^4.3.7"
    "normalize-range" "^0.1.2"
    "picocolors" "^1.1.1"
    "postcss-value-parser" "^4.2.0"

"browserslist@^4.24.0", "browserslist@^4.24.4", "browserslist@>= 4.21.0":
  "version" "4.25.0"
  dependencies:
    "caniuse-lite" "^1.0.30001718"
    "electron-to-chromium" "^1.5.160"
    "node-releases" "^2.0.19"
    "update-browserslist-db" "^1.1.3"

"caniuse-lite@^1.0.30001702", "caniuse-lite@^1.0.30001718":
  "version" "1.0.30001723"

"chownr@^3.0.0":
  "version" "3.0.0"

"clsx@^2.0.0":
  "version" "2.1.1"

"convert-source-map@^2.0.0":
  "version" "2.0.0"

"cookie@^1.0.1":
  "version" "1.0.2"

"csstype@^3.0.2":
  "version" "3.1.3"

"debug@^4.1.0", "debug@^4.1.1", "debug@^4.3.1":
  "version" "4.4.1"
  dependencies:
    "ms" "^2.1.3"

"detect-libc@^2.0.3", "detect-libc@^2.0.4":
  "version" "2.0.4"

"electron-to-chromium@^1.5.160":
  "version" "1.5.167"

"enhanced-resolve@^5.18.1":
  "version" "5.18.1"
  dependencies:
    "graceful-fs" "^4.2.4"
    "tapable" "^2.2.0"

"esbuild@^0.25.0":
  "version" "0.25.5"
  optionalDependencies:
    "@esbuild/aix-ppc64" "0.25.5"
    "@esbuild/android-arm" "0.25.5"
    "@esbuild/android-arm64" "0.25.5"
    "@esbuild/android-x64" "0.25.5"
    "@esbuild/darwin-arm64" "0.25.5"
    "@esbuild/darwin-x64" "0.25.5"
    "@esbuild/freebsd-arm64" "0.25.5"
    "@esbuild/freebsd-x64" "0.25.5"
    "@esbuild/linux-arm" "0.25.5"
    "@esbuild/linux-arm64" "0.25.5"
    "@esbuild/linux-ia32" "0.25.5"
    "@esbuild/linux-loong64" "0.25.5"
    "@esbuild/linux-mips64el" "0.25.5"
    "@esbuild/linux-ppc64" "0.25.5"
    "@esbuild/linux-riscv64" "0.25.5"
    "@esbuild/linux-s390x" "0.25.5"
    "@esbuild/linux-x64" "0.25.5"
    "@esbuild/netbsd-arm64" "0.25.5"
    "@esbuild/netbsd-x64" "0.25.5"
    "@esbuild/openbsd-arm64" "0.25.5"
    "@esbuild/openbsd-x64" "0.25.5"
    "@esbuild/sunos-x64" "0.25.5"
    "@esbuild/win32-arm64" "0.25.5"
    "@esbuild/win32-ia32" "0.25.5"
    "@esbuild/win32-x64" "0.25.5"

"escalade@^3.2.0":
  "version" "3.2.0"

"fdir@^6.4.4":
  "version" "6.4.6"

"fraction.js@^4.3.7":
  "version" "4.3.7"

"framer-motion@^12.18.0":
  "version" "12.18.0"
  dependencies:
    "motion-dom" "^12.17.3"
    "motion-utils" "^12.12.1"
    "tslib" "^2.4.0"

"fsevents@~2.3.2", "fsevents@~2.3.3":
  "version" "2.3.3"

"gensync@^1.0.0-beta.2":
  "version" "1.0.0-beta.2"

"globals@^11.1.0":
  "version" "11.12.0"

"globrex@^0.1.2":
  "version" "0.1.2"

"graceful-fs@^4.2.4":
  "version" "4.2.11"

"jiti@^2.4.2", "jiti@>=1.21.0":
  "version" "2.4.2"

"js-tokens@^4.0.0":
  "version" "4.0.0"

"jsesc@^3.0.2":
  "version" "3.1.0"

"json5@^2.2.3":
  "version" "2.2.3"

"lightningcss-darwin-arm64@1.30.1":
  "version" "1.30.1"

"lightningcss@^1.21.0", "lightningcss@1.30.1":
  "version" "1.30.1"
  dependencies:
    "detect-libc" "^2.0.3"
  optionalDependencies:
    "lightningcss-darwin-arm64" "1.30.1"
    "lightningcss-darwin-x64" "1.30.1"
    "lightningcss-freebsd-x64" "1.30.1"
    "lightningcss-linux-arm-gnueabihf" "1.30.1"
    "lightningcss-linux-arm64-gnu" "1.30.1"
    "lightningcss-linux-arm64-musl" "1.30.1"
    "lightningcss-linux-x64-gnu" "1.30.1"
    "lightningcss-linux-x64-musl" "1.30.1"
    "lightningcss-win32-arm64-msvc" "1.30.1"
    "lightningcss-win32-x64-msvc" "1.30.1"

"lru-cache@^5.1.1":
  "version" "5.1.1"
  dependencies:
    "yallist" "^3.0.2"

"lucide-react@^0.515.0":
  "integrity" "sha512-Sy7bY0MeicRm2pzrnoHm2h6C1iVoeHyBU2fjdQDsXGP51fhkhau1/ZV/dzrcxEmAKsxYb6bGaIsMnGHuQ5s0dw=="
  "resolved" "https://registry.npmjs.org/lucide-react/-/lucide-react-0.515.0.tgz"
  "version" "0.515.0"

"magic-string@^0.30.17":
  "version" "0.30.17"
  dependencies:
    "@jridgewell/sourcemap-codec" "^1.5.0"

"minipass@^7.0.4", "minipass@^7.1.2":
  "version" "7.1.2"

"minizlib@^3.0.1":
  "version" "3.0.2"
  dependencies:
    "minipass" "^7.1.2"

"mkdirp@^3.0.1":
  "version" "3.0.1"

"motion-dom@^12.17.3":
  "version" "12.17.3"
  dependencies:
    "motion-utils" "^12.12.1"

"motion-utils@^12.12.1":
  "version" "12.12.1"

"ms@^2.1.3":
  "version" "2.1.3"

"nanoid@^3.3.11":
  "version" "3.3.11"

"node-releases@^2.0.19":
  "version" "2.0.19"

"normalize-range@^0.1.2":
  "version" "0.1.2"

"phosphor-react@^1.4.1":
  "integrity" "sha512-gO5j7U0xZrdglTAYDYPACU4xDOFBTJmptrrB/GeR+tHhCZF3nUMyGmV/0hnloKjuTrOmpSFlbfOY78H39rgjUQ=="
  "resolved" "https://registry.npmjs.org/phosphor-react/-/phosphor-react-1.4.1.tgz"
  "version" "1.4.1"

"picocolors@^1.1.1":
  "version" "1.1.1"

"picomatch@^3 || ^4", "picomatch@^4.0.2":
  "version" "4.0.2"

"postcss-value-parser@^4.2.0":
  "version" "4.2.0"

"postcss@^8.1.0", "postcss@^8.4.41", "postcss@^8.5.3", "postcss@^8.5.5":
  "version" "8.5.5"
  dependencies:
    "nanoid" "^3.3.11"
    "picocolors" "^1.1.1"
    "source-map-js" "^1.2.1"

"react-dom@^15.0.0 || ^16.0.0 || ^17.0.0 || ^18.0.0 || ^19.0.0", "react-dom@^16.8.0 || ^17.0.0 || ^18.0.0 || ^19.0.0", "react-dom@^16.8.0 || ^17.0.0-rc.1 || ^18.0.0 || ^19.0.0-rc.1", "react-dom@^18 || ^19 || ^19.0.0-rc", "react-dom@^18.0.0 || ^19.0.0", "react-dom@^19.1.0", "react-dom@>=16.8.0", "react-dom@>=18":
  "version" "19.1.0"
  dependencies:
    "scheduler" "^0.26.0"

"react-parallax-tilt@^1.7.298":
  "integrity" "sha512-onHiUJJDJEOiqU4QP7jYQP1d1+ivFLBrCLRxTfVU/NqAhP0kOgWr9YY5ataYcK0eusltX9GGIpIDh+D9PfCfPA=="
  "resolved" "https://registry.npmjs.org/react-parallax-tilt/-/react-parallax-tilt-1.7.298.tgz"
  "version" "1.7.298"

"react-refresh@^0.17.0":
  "version" "0.17.0"

"react-router-dom@^7.6.2":
  "version" "7.6.2"
  dependencies:
    "react-router" "7.6.2"

"react-router@7.6.2":
  "version" "7.6.2"
  dependencies:
    "cookie" "^1.0.1"
    "set-cookie-parser" "^2.6.0"

"react-tsparticles@^2.12.2":
  "integrity" "sha512-/nrEbyL8UROXKIMXe+f+LZN2ckvkwV2Qa+GGe/H26oEIc+wq/ybSG9REDwQiSt2OaDQGu0MwmA4BKmkL6wAWcA=="
  "resolved" "https://registry.npmjs.org/react-tsparticles/-/react-tsparticles-2.12.2.tgz"
  "version" "2.12.2"
  dependencies:
    "tsparticles-engine" "^2.12.0"

"react@^15.0.0 || ^16.0.0 || ^17.0.0 || ^18.0.0 || ^19.0.0", "react@^16.5.1 || ^17.0.0 || ^18.0.0 || ^19.0.0", "react@^16.8.0 || ^17.0.0 || ^18.0.0 || ^19.0.0", "react@^16.8.0 || ^17.0.0-rc.1 || ^18.0.0 || ^19.0.0-rc.1", "react@^18 || ^19 || ^19.0.0-rc", "react@^18.0.0 || ^19.0.0", "react@^19.1.0", "react@>= 16 || ^19.0.0-rc", "react@>=16", "react@>=16.8.0", "react@>=18":
  "version" "19.1.0"

"rollup@^4.34.9":
  "version" "4.43.0"
  dependencies:
    "@types/estree" "1.0.7"
  optionalDependencies:
    "@rollup/rollup-android-arm-eabi" "4.43.0"
    "@rollup/rollup-android-arm64" "4.43.0"
    "@rollup/rollup-darwin-arm64" "4.43.0"
    "@rollup/rollup-darwin-x64" "4.43.0"
    "@rollup/rollup-freebsd-arm64" "4.43.0"
    "@rollup/rollup-freebsd-x64" "4.43.0"
    "@rollup/rollup-linux-arm-gnueabihf" "4.43.0"
    "@rollup/rollup-linux-arm-musleabihf" "4.43.0"
    "@rollup/rollup-linux-arm64-gnu" "4.43.0"
    "@rollup/rollup-linux-arm64-musl" "4.43.0"
    "@rollup/rollup-linux-loongarch64-gnu" "4.43.0"
    "@rollup/rollup-linux-powerpc64le-gnu" "4.43.0"
    "@rollup/rollup-linux-riscv64-gnu" "4.43.0"
    "@rollup/rollup-linux-riscv64-musl" "4.43.0"
    "@rollup/rollup-linux-s390x-gnu" "4.43.0"
    "@rollup/rollup-linux-x64-gnu" "4.43.0"
    "@rollup/rollup-linux-x64-musl" "4.43.0"
    "@rollup/rollup-win32-arm64-msvc" "4.43.0"
    "@rollup/rollup-win32-ia32-msvc" "4.43.0"
    "@rollup/rollup-win32-x64-msvc" "4.43.0"
    "fsevents" "~2.3.2"

"scheduler@^0.26.0":
  "version" "0.26.0"

"semver@^6.3.1":
  "version" "6.3.1"

"set-cookie-parser@^2.6.0":
  "version" "2.7.1"

"source-map-js@^1.2.1":
  "version" "1.2.1"

"tabbable@^6.0.0":
  "version" "6.2.0"

"tailwindcss@^4.1.10", "tailwindcss@4.1.10":
  "version" "4.1.10"

"tapable@^2.2.0":
  "version" "2.2.2"

"tar@^7.4.3":
  "version" "7.4.3"
  dependencies:
    "@isaacs/fs-minipass" "^4.0.0"
    "chownr" "^3.0.0"
    "minipass" "^7.1.2"
    "minizlib" "^3.0.1"
    "mkdirp" "^3.0.1"
    "yallist" "^5.0.0"

"tinyglobby@^0.2.13":
  "version" "0.2.14"
  dependencies:
    "fdir" "^6.4.4"
    "picomatch" "^4.0.2"

"tsconfck@^3.0.3":
  "version" "3.1.6"

"tslib@^2.4.0", "tslib@^2.8.0":
  "version" "2.8.1"

"tsparticles-engine@^2.12.0":
  "integrity" "sha512-ZjDIYex6jBJ4iMc9+z0uPe7SgBnmb6l+EJm83MPIsOny9lPpetMsnw/8YJ3xdxn8hV+S3myTpTN1CkOVmFv0QQ=="
  "resolved" "https://registry.npmjs.org/tsparticles-engine/-/tsparticles-engine-2.12.0.tgz"
  "version" "2.12.0"

"typescript@^5.0.0", "typescript@^5.8.3":
  "version" "5.8.3"

"undici-types@~6.21.0":
  "version" "6.21.0"

"update-browserslist-db@^1.1.3":
  "version" "1.1.3"
  dependencies:
    "escalade" "^3.2.0"
    "picocolors" "^1.1.1"

"use-sync-external-store@^1.5.0":
  "version" "1.5.0"

"vite-tsconfig-paths@^5.1.4":
  "version" "5.1.4"
  dependencies:
    "debug" "^4.1.1"
    "globrex" "^0.1.2"
    "tsconfck" "^3.0.3"

"vite@*", "vite@^4.2.0 || ^5.0.0 || ^6.0.0 || ^7.0.0-beta.0", "vite@^6.3.3":
  "version" "6.3.5"
  dependencies:
    "esbuild" "^0.25.0"
    "fdir" "^6.4.4"
    "picomatch" "^4.0.2"
    "postcss" "^8.5.3"
    "rollup" "^4.34.9"
    "tinyglobby" "^0.2.13"
  optionalDependencies:
    "fsevents" "~2.3.3"

"yallist@^3.0.2":
  "version" "3.1.1"

"yallist@^5.0.0":
  "version" "5.0.0"
